
Microsoft Visual Studio Solution File, Format Version 12.00
# Visual Studio 15
VisualStudioVersion = 15.0.28307.136
MinimumVisualStudioVersion = 10.0.40219.1
Project("{FAE04EC0-301F-11D3-BF4B-00C04F79EFBC}") = "EF_Test3", "EF_Test3\EF_Test3.csproj", "{37597205-E331-48F5-A329-C85477B56817}"
EndProject
Global
	GlobalSection(SolutionConfigurationPlatforms) = preSolution
		Debug|Any CPU = Debug|Any CPU
		Release|Any CPU = Release|Any CPU
	EndGlobalSection
	GlobalSection(ProjectConfigurationPlatforms) = postSolution
		{37597205-E331-48F5-A329-C85477B56817}.Debug|Any CPU.ActiveCfg = Debug|Any CPU
		{37597205-E331-48F5-A329-C85477B56817}.Debug|Any CPU.Build.0 = Debug|Any CPU
		{37597205-E331-48F5-A329-C85477B56817}.Release|Any CPU.ActiveCfg = Release|Any CPU
		{37597205-E331-48F5-A329-C85477B56817}.Release|Any CPU.Build.0 = Release|Any CPU
	EndGlobalSection
	GlobalSection(SolutionProperties) = preSolution
		HideSolutionNode = FALSE
	EndGlobalSection
	GlobalSection(ExtensibilityGlobals) = postSolution
		SolutionGuid = {1AA9546B-B44F-4466-BBB8-EF2F0340DC5A}
	EndGlobalSection
EndGlobal
